{
  "name": "MaidSafe-Examples",
  "version": "0.0.1",
  "dependencies": {
    "gitbook-plugin-disqus": {
      "version": "0.0.1",
      "from": "gitbook-plugin-disqus@latest",
      "resolved": "https://registry.npmjs.org/gitbook-plugin-disqus/-/gitbook-plugin-disqus-0.0.1.tgz"
    },
    "gitbook-plugin-ga": {
      "version": "0.1.0",
      "from": "https://registry.npmjs.org/gitbook-plugin-ga/-/gitbook-plugin-ga-0.1.0.tgz",
      "resolved": "https://registry.npmjs.org/gitbook-plugin-ga/-/gitbook-plugin-ga-0.1.0.tgz"
    },
    "grunt": {
      "version": "0.4.5",
      "from": "grunt@~0.4.1",
      "resolved": "https://registry.npmjs.org/grunt/-/grunt-0.4.5.tgz",
      "dependencies": {
        "async": {
          "version": "0.1.22",
          "from": "async@~0.1.22",
          "resolved": "https://registry.npmjs.org/async/-/async-0.1.22.tgz"
        },
        "coffee-script": {
          "version": "1.3.3",
          "from": "coffee-script@~1.3.3",
          "resolved": "https://registry.npmjs.org/coffee-script/-/coffee-script-1.3.3.tgz"
        },
        "colors": {
          "version": "0.6.2",
          "from": "colors@~0.6.2",
          "resolved": "https://registry.npmjs.org/colors/-/colors-0.6.2.tgz"
        },
        "dateformat": {
          "version": "1.0.2-1.2.3",
          "from": "dateformat@1.0.2-1.2.3",
          "resolved": "https://registry.npmjs.org/dateformat/-/dateformat-1.0.2-1.2.3.tgz"
        },
        "eventemitter2": {
          "version": "0.4.14",
          "from": "eventemitter2@~0.4.13",
          "resolved": "https://registry.npmjs.org/eventemitter2/-/eventemitter2-0.4.14.tgz"
        },
        "findup-sync": {
          "version": "0.1.3",
          "from": "findup-sync@~0.1.2",
          "resolved": "https://registry.npmjs.org/findup-sync/-/findup-sync-0.1.3.tgz",
          "dependencies": {
            "glob": {
              "version": "3.2.11",
              "from": "glob@~3.2.9",
              "resolved": "https://registry.npmjs.org/glob/-/glob-3.2.11.tgz",
              "dependencies": {
                "inherits": {
                  "version": "2.0.1",
                  "from": "inherits@2",
                  "resolved": "https://registry.npmjs.org/inherits/-/inherits-2.0.1.tgz"
                },
                "minimatch": {
                  "version": "0.3.0",
                  "from": "minimatch@0.3",
                  "resolved": "https://registry.npmjs.org/minimatch/-/minimatch-0.3.0.tgz",
                  "dependencies": {
                    "lru-cache": {
                      "version": "2.5.0",
                      "from": "lru-cache@2",
                      "resolved": "https://registry.npmjs.org/lru-cache/-/lru-cache-2.5.0.tgz"
                    },
                    "sigmund": {
                      "version": "1.0.0",
                      "from": "sigmund@~1.0.0",
                      "resolved": "https://registry.npmjs.org/sigmund/-/sigmund-1.0.0.tgz"
                    }
                  }
                }
              }
            },
            "lodash": {
              "version": "2.4.1",
              "from": "lodash@~2.4.1",
              "resolved": "https://registry.npmjs.org/lodash/-/lodash-2.4.1.tgz"
            }
          }
        },
        "glob": {
          "version": "3.1.21",
          "from": "glob@~3.1.21",
          "resolved": "https://registry.npmjs.org/glob/-/glob-3.1.21.tgz",
          "dependencies": {
            "graceful-fs": {
              "version": "1.2.3",
              "from": "graceful-fs@~1.2.0",
              "resolved": "https://registry.npmjs.org/graceful-fs/-/graceful-fs-1.2.3.tgz"
            },
            "inherits": {
              "version": "1.0.0",
              "from": "inherits@1",
              "resolved": "https://registry.npmjs.org/inherits/-/inherits-1.0.0.tgz"
            }
          }
        },
        "hooker": {
          "version": "0.2.3",
          "from": "hooker@~0.2.3",
          "resolved": "https://registry.npmjs.org/hooker/-/hooker-0.2.3.tgz"
        },
        "iconv-lite": {
          "version": "0.2.11",
          "from": "iconv-lite@~0.2.11",
          "resolved": "https://registry.npmjs.org/iconv-lite/-/iconv-lite-0.2.11.tgz"
        },
        "minimatch": {
          "version": "0.2.14",
          "from": "minimatch@~0.2.12",
          "resolved": "https://registry.npmjs.org/minimatch/-/minimatch-0.2.14.tgz",
          "dependencies": {
            "lru-cache": {
              "version": "2.5.0",
              "from": "lru-cache@2",
              "resolved": "https://registry.npmjs.org/lru-cache/-/lru-cache-2.5.0.tgz"
            },
            "sigmund": {
              "version": "1.0.0",
              "from": "sigmund@~1.0.0",
              "resolved": "https://registry.npmjs.org/sigmund/-/sigmund-1.0.0.tgz"
            }
          }
        },
        "nopt": {
          "version": "1.0.10",
          "from": "nopt@~1.0.10",
          "resolved": "https://registry.npmjs.org/nopt/-/nopt-1.0.10.tgz",
          "dependencies": {
            "abbrev": {
              "version": "1.0.5",
              "from": "abbrev@1",
              "resolved": "https://registry.npmjs.org/abbrev/-/abbrev-1.0.5.tgz"
            }
          }
        },
        "rimraf": {
          "version": "2.2.8",
          "from": "rimraf@~2.2.8",
          "resolved": "https://registry.npmjs.org/rimraf/-/rimraf-2.2.8.tgz"
        },
        "lodash": {
          "version": "0.9.2",
          "from": "lodash@~0.9.2",
          "resolved": "https://registry.npmjs.org/lodash/-/lodash-0.9.2.tgz"
        },
        "underscore.string": {
          "version": "2.2.1",
          "from": "underscore.string@~2.2.1",
          "resolved": "https://registry.npmjs.org/underscore.string/-/underscore.string-2.2.1.tgz"
        },
        "which": {
          "version": "1.0.5",
          "from": "which@~1.0.5",
          "resolved": "https://registry.npmjs.org/which/-/which-1.0.5.tgz"
        },
        "js-yaml": {
          "version": "2.0.5",
          "from": "js-yaml@~2.0.5",
          "resolved": "https://registry.npmjs.org/js-yaml/-/js-yaml-2.0.5.tgz",
          "dependencies": {
            "argparse": {
              "version": "0.1.15",
              "from": "argparse@~ 0.1.11",
              "resolved": "https://registry.npmjs.org/argparse/-/argparse-0.1.15.tgz",
              "dependencies": {
                "underscore": {
                  "version": "1.4.4",
                  "from": "underscore@~1.4.3",
                  "resolved": "https://registry.npmjs.org/underscore/-/underscore-1.4.4.tgz"
                },
                "underscore.string": {
                  "version": "2.3.3",
                  "from": "underscore.string@~2.3.1",
                  "resolved": "https://registry.npmjs.org/underscore.string/-/underscore.string-2.3.3.tgz"
                }
              }
            },
            "esprima": {
              "version": "1.0.4",
              "from": "esprima@~ 1.0.2",
              "resolved": "https://registry.npmjs.org/esprima/-/esprima-1.0.4.tgz"
            }
          }
        },
        "exit": {
          "version": "0.1.2",
          "from": "exit@~0.1.1",
          "resolved": "https://registry.npmjs.org/exit/-/exit-0.1.2.tgz"
        },
        "getobject": {
          "version": "0.1.0",
          "from": "getobject@~0.1.0",
          "resolved": "https://registry.npmjs.org/getobject/-/getobject-0.1.0.tgz"
        },
        "grunt-legacy-util": {
          "version": "0.2.0",
          "from": "grunt-legacy-util@~0.2.0",
          "resolved": "https://registry.npmjs.org/grunt-legacy-util/-/grunt-legacy-util-0.2.0.tgz"
        },
        "grunt-legacy-log": {
          "version": "0.1.1",
          "from": "grunt-legacy-log@~0.1.0",
          "resolved": "https://registry.npmjs.org/grunt-legacy-log/-/grunt-legacy-log-0.1.1.tgz",
          "dependencies": {
            "lodash": {
              "version": "2.4.1",
              "from": "lodash@~2.4.1",
              "resolved": "https://registry.npmjs.org/lodash/-/lodash-2.4.1.tgz"
            },
            "underscore.string": {
              "version": "2.3.3",
              "from": "underscore.string@~2.3.3",
              "resolved": "https://registry.npmjs.org/underscore.string/-/underscore.string-2.3.3.tgz"
            }
          }
        }
      }
    },
    "grunt-contrib-clean": {
      "version": "0.6.0",
      "from": "grunt-contrib-clean@latest",
      "resolved": "https://registry.npmjs.org/grunt-contrib-clean/-/grunt-contrib-clean-0.6.0.tgz",
      "dependencies": {
        "rimraf": {
          "version": "2.2.8",
          "from": "rimraf@~2.2.1",
          "resolved": "https://registry.npmjs.org/rimraf/-/rimraf-2.2.8.tgz"
        }
      }
    },
    "grunt-gh-pages": {
      "version": "0.9.1",
      "from": "grunt-gh-pages@latest",
      "resolved": "https://registry.npmjs.org/grunt-gh-pages/-/grunt-gh-pages-0.9.1.tgz",
      "dependencies": {
        "q": {
          "version": "0.9.3",
          "from": "q@0.9.3",
          "resolved": "https://registry.npmjs.org/q/-/q-0.9.3.tgz"
        },
        "q-io": {
          "version": "1.6.5",
          "from": "q-io@1.6.5",
          "resolved": "https://registry.npmjs.org/q-io/-/q-io-1.6.5.tgz",
          "dependencies": {
            "qs": {
              "version": "0.1.0",
              "from": "qs@~0.1.0",
              "resolved": "https://registry.npmjs.org/qs/-/qs-0.1.0.tgz"
            },
            "url2": {
              "version": "0.0.0",
              "from": "url2@~0.0.0",
              "resolved": "https://registry.npmjs.org/url2/-/url2-0.0.0.tgz"
            },
            "mime": {
              "version": "1.2.11",
              "from": "mime@~1.2",
              "resolved": "https://registry.npmjs.org/mime/-/mime-1.2.11.tgz"
            },
            "mimeparse": {
              "version": "0.1.4",
              "from": "mimeparse@~0.1.4",
              "resolved": "https://registry.npmjs.org/mimeparse/-/mimeparse-0.1.4.tgz"
            },
            "collections": {
              "version": "0.1.24",
              "from": "collections@~0.1.3",
              "resolved": "https://registry.npmjs.org/collections/-/collections-0.1.24.tgz",
              "dependencies": {
                "weak-map": {
                  "version": "1.0.0",
                  "from": "weak-map@1.0.0",
                  "resolved": "https://registry.npmjs.org/weak-map/-/weak-map-1.0.0.tgz"
                }
              }
            }
          }
        },
        "graceful-fs": {
          "version": "2.0.1",
          "from": "graceful-fs@2.0.1",
          "resolved": "https://registry.npmjs.org/graceful-fs/-/graceful-fs-2.0.1.tgz"
        },
        "async": {
          "version": "0.2.9",
          "from": "async@0.2.9",
          "resolved": "https://registry.npmjs.org/async/-/async-0.2.9.tgz"
        },
        "wrench": {
          "version": "1.5.1",
          "from": "wrench@1.5.1",
          "resolved": "https://registry.npmjs.org/wrench/-/wrench-1.5.1.tgz"
        }
      }
    },
    "grunt-gitbook": {
      "version": "0.5.6",
      "from": "grunt-gitbook@latest",
      "resolved": "https://registry.npmjs.org/grunt-gitbook/-/grunt-gitbook-0.5.6.tgz",
      "dependencies": {
        "gitbook": {
          "version": "1.0.3",
          "from": "gitbook@latest",
          "resolved": "https://registry.npmjs.org/gitbook/-/gitbook-1.0.3.tgz",
          "dependencies": {
            "q": {
              "version": "1.0.1",
              "from": "q@1.0.1",
              "resolved": "https://registry.npmjs.org/q/-/q-1.0.1.tgz"
            },
            "lodash": {
              "version": "2.4.1",
              "from": "lodash@2.4.1",
              "resolved": "https://registry.npmjs.org/lodash/-/lodash-2.4.1.tgz"
            },
            "kramed": {
              "version": "0.4.2",
              "from": "kramed@0.4.2",
              "resolved": "https://registry.npmjs.org/kramed/-/kramed-0.4.2.tgz"
            },
            "kramed-text-renderer": {
              "version": "0.2.1",
              "from": "kramed-text-renderer@0.2.1",
              "resolved": "https://registry.npmjs.org/kramed-text-renderer/-/kramed-text-renderer-0.2.1.tgz"
            },
            "lunr": {
              "version": "0.5.2",
              "from": "lunr@0.5.2",
              "resolved": "https://registry.npmjs.org/lunr/-/lunr-0.5.2.tgz"
            },
            "swig": {
              "version": "1.3.2",
              "from": "swig@1.3.2",
              "resolved": "https://registry.npmjs.org/swig/-/swig-1.3.2.tgz",
              "dependencies": {
                "uglify-js": {
                  "version": "2.4.15",
                  "from": "uglify-js@~2.4",
                  "resolved": "https://registry.npmjs.org/uglify-js/-/uglify-js-2.4.15.tgz",
                  "dependencies": {
                    "async": {
                      "version": "0.2.10",
                      "from": "async@~0.2.6",
                      "resolved": "https://registry.npmjs.org/async/-/async-0.2.10.tgz"
                    },
                    "source-map": {
                      "version": "0.1.34",
                      "from": "source-map@0.1.34",
                      "resolved": "https://registry.npmjs.org/source-map/-/source-map-0.1.34.tgz",
                      "dependencies": {
                        "amdefine": {
                          "version": "0.1.0",
                          "from": "amdefine@>=0.0.4",
                          "resolved": "https://registry.npmjs.org/amdefine/-/amdefine-0.1.0.tgz"
                        }
                      }
                    },
                    "optimist": {
                      "version": "0.3.7",
                      "from": "optimist@~0.3.5",
                      "resolved": "https://registry.npmjs.org/optimist/-/optimist-0.3.7.tgz",
                      "dependencies": {
                        "wordwrap": {
                          "version": "0.0.2",
                          "from": "wordwrap@~0.0.2",
                          "resolved": "https://registry.npmjs.org/wordwrap/-/wordwrap-0.0.2.tgz"
                        }
                      }
                    },
                    "uglify-to-browserify": {
                      "version": "1.0.2",
                      "from": "uglify-to-browserify@~1.0.0",
                      "resolved": "https://registry.npmjs.org/uglify-to-browserify/-/uglify-to-browserify-1.0.2.tgz"
                    }
                  }
                },
                "optimist": {
                  "version": "0.6.1",
                  "from": "optimist@~0.6",
                  "resolved": "https://registry.npmjs.org/optimist/-/optimist-0.6.1.tgz",
                  "dependencies": {
                    "wordwrap": {
                      "version": "0.0.2",
                      "from": "wordwrap@~0.0.2",
                      "resolved": "https://registry.npmjs.org/wordwrap/-/wordwrap-0.0.2.tgz"
                    },
                    "minimist": {
                      "version": "0.0.10",
                      "from": "minimist@~0.0.1",
                      "resolved": "https://registry.npmjs.org/minimist/-/minimist-0.0.10.tgz"
                    }
                  }
                }
              }
            },
            "send": {
              "version": "0.2.0",
              "from": "send@0.2.0",
              "resolved": "https://registry.npmjs.org/send/-/send-0.2.0.tgz",
              "dependencies": {
                "debug": {
                  "version": "2.0.0",
                  "from": "debug@*",
                  "resolved": "https://registry.npmjs.org/debug/-/debug-2.0.0.tgz",
                  "dependencies": {
                    "ms": {
                      "version": "0.6.2",
                      "from": "ms@0.6.2",
                      "resolved": "https://registry.npmjs.org/ms/-/ms-0.6.2.tgz"
                    }
                  }
                },
                "mime": {
                  "version": "1.2.11",
                  "from": "mime@~1.2.9",
                  "resolved": "https://registry.npmjs.org/mime/-/mime-1.2.11.tgz"
                },
                "fresh": {
                  "version": "0.2.4",
                  "from": "fresh@~0.2.1",
                  "resolved": "https://registry.npmjs.org/fresh/-/fresh-0.2.4.tgz"
                },
                "range-parser": {
                  "version": "1.0.2",
                  "from": "range-parser@~1.0.0",
                  "resolved": "https://registry.npmjs.org/range-parser/-/range-parser-1.0.2.tgz"
                }
              }
            },
            "fstream-ignore": {
              "version": "0.0.7",
              "from": "fstream-ignore@0.0.7",
              "resolved": "https://registry.npmjs.org/fstream-ignore/-/fstream-ignore-0.0.7.tgz",
              "dependencies": {
                "minimatch": {
                  "version": "0.2.14",
                  "from": "minimatch@~0.2.0",
                  "resolved": "https://registry.npmjs.org/minimatch/-/minimatch-0.2.14.tgz",
                  "dependencies": {
                    "lru-cache": {
                      "version": "2.5.0",
                      "from": "lru-cache@2",
                      "resolved": "https://registry.npmjs.org/lru-cache/-/lru-cache-2.5.0.tgz"
                    },
                    "sigmund": {
                      "version": "1.0.0",
                      "from": "sigmund@~1.0.0",
                      "resolved": "https://registry.npmjs.org/sigmund/-/sigmund-1.0.0.tgz"
                    }
                  }
                },
                "fstream": {
                  "version": "0.1.31",
                  "from": "fstream@~0.1.17",
                  "resolved": "https://registry.npmjs.org/fstream/-/fstream-0.1.31.tgz",
                  "dependencies": {
                    "mkdirp": {
                      "version": "0.5.0",
                      "from": "mkdirp@0.5",
                      "resolved": "https://registry.npmjs.org/mkdirp/-/mkdirp-0.5.0.tgz",
                      "dependencies": {
                        "minimist": {
                          "version": "0.0.8",
                          "from": "minimist@0.0.8",
                          "resolved": "https://registry.npmjs.org/minimist/-/minimist-0.0.8.tgz"
                        }
                      }
                    },
                    "rimraf": {
                      "version": "2.2.8",
                      "from": "rimraf@2",
                      "resolved": "https://registry.npmjs.org/rimraf/-/rimraf-2.2.8.tgz"
                    }
                  }
                },
                "inherits": {
                  "version": "2.0.1",
                  "from": "inherits@2",
                  "resolved": "https://registry.npmjs.org/inherits/-/inherits-2.0.1.tgz"
                }
              }
            },
            "commander": {
              "version": "2.2.0",
              "from": "commander@2.2.0",
              "resolved": "https://registry.npmjs.org/commander/-/commander-2.2.0.tgz"
            },
            "graceful-fs": {
              "version": "3.0.2",
              "from": "graceful-fs@3.0.2",
              "resolved": "https://registry.npmjs.org/graceful-fs/-/graceful-fs-3.0.2.tgz"
            },
            "fs-extra": {
              "version": "0.10.0",
              "from": "fs-extra@0.10.0",
              "resolved": "https://registry.npmjs.org/fs-extra/-/fs-extra-0.10.0.tgz",
              "dependencies": {
                "ncp": {
                  "version": "0.5.1",
                  "from": "ncp@^0.5.1",
                  "resolved": "https://registry.npmjs.org/ncp/-/ncp-0.5.1.tgz"
                },
                "mkdirp": {
                  "version": "0.5.0",
                  "from": "mkdirp@^0.5.0",
                  "resolved": "https://registry.npmjs.org/mkdirp/-/mkdirp-0.5.0.tgz",
                  "dependencies": {
                    "minimist": {
                      "version": "0.0.8",
                      "from": "minimist@0.0.8",
                      "resolved": "https://registry.npmjs.org/minimist/-/minimist-0.0.8.tgz"
                    }
                  }
                },
                "jsonfile": {
                  "version": "1.2.0",
                  "from": "jsonfile@^1.2.0",
                  "resolved": "https://registry.npmjs.org/jsonfile/-/jsonfile-1.2.0.tgz"
                },
                "rimraf": {
                  "version": "2.2.8",
                  "from": "rimraf@^2.2.8",
                  "resolved": "https://registry.npmjs.org/rimraf/-/rimraf-2.2.8.tgz"
                }
              }
            },
            "highlight.js": {
              "version": "8.2.0",
              "from": "highlight.js@8.2.0",
              "resolved": "https://registry.npmjs.org/highlight.js/-/highlight.js-8.2.0.tgz"
            },
            "tmp": {
              "version": "0.0.23",
              "from": "tmp@0.0.23",
              "resolved": "https://registry.npmjs.org/tmp/-/tmp-0.0.23.tgz"
            },
            "semver": {
              "version": "2.2.1",
              "from": "semver@2.2.1",
              "resolved": "https://registry.npmjs.org/semver/-/semver-2.2.1.tgz"
            },
            "gaze": {
              "version": "0.5.1",
              "from": "gaze@~0.5.1",
              "resolved": "https://registry.npmjs.org/gaze/-/gaze-0.5.1.tgz",
              "dependencies": {
                "globule": {
                  "version": "0.1.0",
                  "from": "globule@~0.1.0",
                  "resolved": "https://registry.npmjs.org/globule/-/globule-0.1.0.tgz",
                  "dependencies": {
                    "lodash": {
                      "version": "1.0.1",
                      "from": "lodash@~1.0.1",
                      "resolved": "https://registry.npmjs.org/lodash/-/lodash-1.0.1.tgz"
                    },
                    "glob": {
                      "version": "3.1.21",
                      "from": "glob@~3.1.21",
                      "resolved": "https://registry.npmjs.org/glob/-/glob-3.1.21.tgz",
                      "dependencies": {
                        "graceful-fs": {
                          "version": "1.2.3",
                          "from": "graceful-fs@~1.2.0",
                          "resolved": "https://registry.npmjs.org/graceful-fs/-/graceful-fs-1.2.3.tgz"
                        },
                        "inherits": {
                          "version": "1.0.0",
                          "from": "inherits@1",
                          "resolved": "https://registry.npmjs.org/inherits/-/inherits-1.0.0.tgz"
                        }
                      }
                    },
                    "minimatch": {
                      "version": "0.2.14",
                      "from": "minimatch@~0.2.11",
                      "resolved": "https://registry.npmjs.org/minimatch/-/minimatch-0.2.14.tgz",
                      "dependencies": {
                        "lru-cache": {
                          "version": "2.5.0",
                          "from": "lru-cache@2",
                          "resolved": "https://registry.npmjs.org/lru-cache/-/lru-cache-2.5.0.tgz"
                        },
                        "sigmund": {
                          "version": "1.0.0",
                          "from": "sigmund@~1.0.0",
                          "resolved": "https://registry.npmjs.org/sigmund/-/sigmund-1.0.0.tgz"
                        }
                      }
                    }
                  }
                }
              }
            },
            "resolve": {
              "version": "0.6.3",
              "from": "resolve@0.6.3",
              "resolved": "https://registry.npmjs.org/resolve/-/resolve-0.6.3.tgz"
            },
            "tiny-lr-fork": {
              "version": "0.0.5",
              "from": "tiny-lr-fork@0.0.5",
              "resolved": "https://registry.npmjs.org/tiny-lr-fork/-/tiny-lr-fork-0.0.5.tgz",
              "dependencies": {
                "qs": {
                  "version": "0.5.6",
                  "from": "qs@~0.5.2",
                  "resolved": "https://registry.npmjs.org/qs/-/qs-0.5.6.tgz"
                },
                "faye-websocket": {
                  "version": "0.4.4",
                  "from": "faye-websocket@~0.4.3",
                  "resolved": "https://registry.npmjs.org/faye-websocket/-/faye-websocket-0.4.4.tgz"
                },
                "noptify": {
                  "version": "0.0.3",
                  "from": "noptify@~0.0.3",
                  "resolved": "https://registry.npmjs.org/noptify/-/noptify-0.0.3.tgz",
                  "dependencies": {
                    "nopt": {
                      "version": "2.0.0",
                      "from": "nopt@~2.0.0",
                      "resolved": "https://registry.npmjs.org/nopt/-/nopt-2.0.0.tgz",
                      "dependencies": {
                        "abbrev": {
                          "version": "1.0.5",
                          "from": "abbrev@1",
                          "resolved": "https://registry.npmjs.org/abbrev/-/abbrev-1.0.5.tgz"
                        }
                      }
                    }
                  }
                },
                "debug": {
                  "version": "0.7.4",
                  "from": "debug@~0.7.0",
                  "resolved": "https://registry.npmjs.org/debug/-/debug-0.7.4.tgz"
                }
              }
            },
            "gitbook-plugin": {
              "version": "0.0.2",
              "from": "gitbook-plugin@0.0.2",
              "resolved": "https://registry.npmjs.org/gitbook-plugin/-/gitbook-plugin-0.0.2.tgz"
            },
            "gitbook-plugin-mathjax": {
              "version": "0.0.6",
              "from": "gitbook-plugin-mathjax@0.0.6",
              "resolved": "https://registry.npmjs.org/gitbook-plugin-mathjax/-/gitbook-plugin-mathjax-0.0.6.tgz"
            },
            "gitbook-plugin-livereload": {
              "version": "0.0.1",
              "from": "gitbook-plugin-livereload@0.0.1",
              "resolved": "https://registry.npmjs.org/gitbook-plugin-livereload/-/gitbook-plugin-livereload-0.0.1.tgz"
            },
            "gitbook-plugin-exercises": {
              "version": "1.0.0",
              "from": "gitbook-plugin-exercises@1.0.0",
              "resolved": "https://registry.npmjs.org/gitbook-plugin-exercises/-/gitbook-plugin-exercises-1.0.0.tgz"
            },
            "gitbook-plugin-quizzes": {
              "version": "1.0.0",
              "from": "gitbook-plugin-quizzes@1.0.0",
              "resolved": "https://registry.npmjs.org/gitbook-plugin-quizzes/-/gitbook-plugin-quizzes-1.0.0.tgz"
            }
          }
        },
        "grunt-contrib-clean": {
          "version": "0.5.0",
          "from": "grunt-contrib-clean@~0.5.0",
          "resolved": "https://registry.npmjs.org/grunt-contrib-clean/-/grunt-contrib-clean-0.5.0.tgz",
          "dependencies": {
            "rimraf": {
              "version": "2.2.8",
              "from": "rimraf@~2.2.1",
              "resolved": "https://registry.npmjs.org/rimraf/-/rimraf-2.2.8.tgz"
            }
          }
        },
        "grunt": {
          "version": "0.4.5",
          "from": "grunt@~0.4.1",
          "resolved": "https://registry.npmjs.org/grunt/-/grunt-0.4.5.tgz",
          "dependencies": {
            "async": {
              "version": "0.1.22",
              "from": "async@~0.1.22",
              "resolved": "https://registry.npmjs.org/async/-/async-0.1.22.tgz"
            },
            "coffee-script": {
              "version": "1.3.3",
              "from": "coffee-script@~1.3.3",
              "resolved": "https://registry.npmjs.org/coffee-script/-/coffee-script-1.3.3.tgz"
            },
            "colors": {
              "version": "0.6.2",
              "from": "colors@~0.6.2",
              "resolved": "https://registry.npmjs.org/colors/-/colors-0.6.2.tgz"
            },
            "dateformat": {
              "version": "1.0.2-1.2.3",
              "from": "dateformat@1.0.2-1.2.3",
              "resolved": "https://registry.npmjs.org/dateformat/-/dateformat-1.0.2-1.2.3.tgz"
            },
            "eventemitter2": {
              "version": "0.4.14",
              "from": "eventemitter2@~0.4.13",
              "resolved": "https://registry.npmjs.org/eventemitter2/-/eventemitter2-0.4.14.tgz"
            },
            "findup-sync": {
              "version": "0.1.3",
              "from": "findup-sync@~0.1.2",
              "resolved": "https://registry.npmjs.org/findup-sync/-/findup-sync-0.1.3.tgz",
              "dependencies": {
                "glob": {
                  "version": "3.2.11",
                  "from": "glob@~3.2.9",
                  "resolved": "https://registry.npmjs.org/glob/-/glob-3.2.11.tgz",
                  "dependencies": {
                    "inherits": {
                      "version": "2.0.1",
                      "from": "inherits@2",
                      "resolved": "https://registry.npmjs.org/inherits/-/inherits-2.0.1.tgz"
                    },
                    "minimatch": {
                      "version": "0.3.0",
                      "from": "minimatch@0.3",
                      "resolved": "https://registry.npmjs.org/minimatch/-/minimatch-0.3.0.tgz",
                      "dependencies": {
                        "lru-cache": {
                          "version": "2.5.0",
                          "from": "lru-cache@2",
                          "resolved": "https://registry.npmjs.org/lru-cache/-/lru-cache-2.5.0.tgz"
                        },
                        "sigmund": {
                          "version": "1.0.0",
                          "from": "sigmund@~1.0.0",
                          "resolved": "https://registry.npmjs.org/sigmund/-/sigmund-1.0.0.tgz"
                        }
                      }
                    }
                  }
                },
                "lodash": {
                  "version": "2.4.1",
                  "from": "lodash@~2.4.1",
                  "resolved": "https://registry.npmjs.org/lodash/-/lodash-2.4.1.tgz"
                }
              }
            },
            "glob": {
              "version": "3.1.21",
              "from": "glob@~3.1.21",
              "resolved": "https://registry.npmjs.org/glob/-/glob-3.1.21.tgz",
              "dependencies": {
                "graceful-fs": {
                  "version": "1.2.3",
                  "from": "graceful-fs@~1.2.0",
                  "resolved": "https://registry.npmjs.org/graceful-fs/-/graceful-fs-1.2.3.tgz"
                },
                "inherits": {
                  "version": "1.0.0",
                  "from": "inherits@1",
                  "resolved": "https://registry.npmjs.org/inherits/-/inherits-1.0.0.tgz"
                }
              }
            },
            "hooker": {
              "version": "0.2.3",
              "from": "hooker@~0.2.3",
              "resolved": "https://registry.npmjs.org/hooker/-/hooker-0.2.3.tgz"
            },
            "iconv-lite": {
              "version": "0.2.11",
              "from": "iconv-lite@~0.2.11",
              "resolved": "https://registry.npmjs.org/iconv-lite/-/iconv-lite-0.2.11.tgz"
            },
            "minimatch": {
              "version": "0.2.14",
              "from": "minimatch@~0.2.12",
              "resolved": "https://registry.npmjs.org/minimatch/-/minimatch-0.2.14.tgz",
              "dependencies": {
                "lru-cache": {
                  "version": "2.5.0",
                  "from": "lru-cache@2",
                  "resolved": "https://registry.npmjs.org/lru-cache/-/lru-cache-2.5.0.tgz"
                },
                "sigmund": {
                  "version": "1.0.0",
                  "from": "sigmund@~1.0.0",
                  "resolved": "https://registry.npmjs.org/sigmund/-/sigmund-1.0.0.tgz"
                }
              }
            },
            "nopt": {
              "version": "1.0.10",
              "from": "nopt@~1.0.10",
              "resolved": "https://registry.npmjs.org/nopt/-/nopt-1.0.10.tgz",
              "dependencies": {
                "abbrev": {
                  "version": "1.0.5",
                  "from": "abbrev@1",
                  "resolved": "https://registry.npmjs.org/abbrev/-/abbrev-1.0.5.tgz"
                }
              }
            },
            "rimraf": {
              "version": "2.2.8",
              "from": "rimraf@~2.2.1",
              "resolved": "https://registry.npmjs.org/rimraf/-/rimraf-2.2.8.tgz"
            },
            "lodash": {
              "version": "0.9.2",
              "from": "lodash@~0.9.2",
              "resolved": "https://registry.npmjs.org/lodash/-/lodash-0.9.2.tgz"
            },
            "underscore.string": {
              "version": "2.2.1",
              "from": "underscore.string@~2.2.1",
              "resolved": "https://registry.npmjs.org/underscore.string/-/underscore.string-2.2.1.tgz"
            },
            "which": {
              "version": "1.0.5",
              "from": "which@~1.0.5",
              "resolved": "https://registry.npmjs.org/which/-/which-1.0.5.tgz"
            },
            "js-yaml": {
              "version": "2.0.5",
              "from": "js-yaml@~2.0.5",
              "resolved": "https://registry.npmjs.org/js-yaml/-/js-yaml-2.0.5.tgz",
              "dependencies": {
                "argparse": {
                  "version": "0.1.15",
                  "from": "argparse@~ 0.1.11",
                  "resolved": "https://registry.npmjs.org/argparse/-/argparse-0.1.15.tgz",
                  "dependencies": {
                    "underscore": {
                      "version": "1.4.4",
                      "from": "underscore@~1.4.3",
                      "resolved": "https://registry.npmjs.org/underscore/-/underscore-1.4.4.tgz"
                    },
                    "underscore.string": {
                      "version": "2.3.3",
                      "from": "underscore.string@~2.3.1",
                      "resolved": "https://registry.npmjs.org/underscore.string/-/underscore.string-2.3.3.tgz"
                    }
                  }
                },
                "esprima": {
                  "version": "1.0.4",
                  "from": "esprima@~ 1.0.2",
                  "resolved": "https://registry.npmjs.org/esprima/-/esprima-1.0.4.tgz"
                }
              }
            },
            "exit": {
              "version": "0.1.2",
              "from": "exit@~0.1.1",
              "resolved": "https://registry.npmjs.org/exit/-/exit-0.1.2.tgz"
            },
            "getobject": {
              "version": "0.1.0",
              "from": "getobject@~0.1.0",
              "resolved": "https://registry.npmjs.org/getobject/-/getobject-0.1.0.tgz"
            },
            "grunt-legacy-util": {
              "version": "0.2.0",
              "from": "grunt-legacy-util@~0.2.0",
              "resolved": "https://registry.npmjs.org/grunt-legacy-util/-/grunt-legacy-util-0.2.0.tgz"
            },
            "grunt-legacy-log": {
              "version": "0.1.1",
              "from": "grunt-legacy-log@~0.1.0",
              "resolved": "https://registry.npmjs.org/grunt-legacy-log/-/grunt-legacy-log-0.1.1.tgz",
              "dependencies": {
                "lodash": {
                  "version": "2.4.1",
                  "from": "lodash@~2.4.1",
                  "resolved": "https://registry.npmjs.org/lodash/-/lodash-2.4.1.tgz"
                },
                "underscore.string": {
                  "version": "2.3.3",
                  "from": "underscore.string@~2.3.3",
                  "resolved": "https://registry.npmjs.org/underscore.string/-/underscore.string-2.3.3.tgz"
                }
              }
            }
          }
        },
        "grunt-mocha-test": {
          "version": "0.7.0",
          "from": "grunt-mocha-test@~0.7.0",
          "resolved": "https://registry.npmjs.org/grunt-mocha-test/-/grunt-mocha-test-0.7.0.tgz",
          "dependencies": {
            "mocha": {
              "version": "1.13.0",
              "from": "mocha@~1.13.0",
              "resolved": "https://registry.npmjs.org/mocha/-/mocha-1.13.0.tgz",
              "dependencies": {
                "commander": {
                  "version": "0.6.1",
                  "from": "commander@0.6.1",
                  "resolved": "https://registry.npmjs.org/commander/-/commander-0.6.1.tgz"
                },
                "growl": {
                  "version": "1.7.0",
                  "from": "growl@1.7.x",
                  "resolved": "https://registry.npmjs.org/growl/-/growl-1.7.0.tgz"
                },
                "jade": {
                  "version": "0.26.3",
                  "from": "jade@0.26.3",
                  "resolved": "https://registry.npmjs.org/jade/-/jade-0.26.3.tgz",
                  "dependencies": {
                    "mkdirp": {
                      "version": "0.3.0",
                      "from": "mkdirp@0.3.0",
                      "resolved": "https://registry.npmjs.org/mkdirp/-/mkdirp-0.3.0.tgz"
                    }
                  }
                },
                "diff": {
                  "version": "1.0.7",
                  "from": "diff@1.0.7",
                  "resolved": "https://registry.npmjs.org/diff/-/diff-1.0.7.tgz"
                },
                "debug": {
                  "version": "2.0.0",
                  "from": "debug@*",
                  "resolved": "https://registry.npmjs.org/debug/-/debug-2.0.0.tgz",
                  "dependencies": {
                    "ms": {
                      "version": "0.6.2",
                      "from": "ms@0.6.2",
                      "resolved": "https://registry.npmjs.org/ms/-/ms-0.6.2.tgz"
                    }
                  }
                },
                "mkdirp": {
                  "version": "0.3.5",
                  "from": "mkdirp@0.3.5",
                  "resolved": "https://registry.npmjs.org/mkdirp/-/mkdirp-0.3.5.tgz"
                },
                "glob": {
                  "version": "3.2.3",
                  "from": "glob@3.2.3",
                  "resolved": "https://registry.npmjs.org/glob/-/glob-3.2.3.tgz",
                  "dependencies": {
                    "minimatch": {
                      "version": "0.2.14",
                      "from": "minimatch@~0.2.11",
                      "resolved": "https://registry.npmjs.org/minimatch/-/minimatch-0.2.14.tgz",
                      "dependencies": {
                        "lru-cache": {
                          "version": "2.5.0",
                          "from": "lru-cache@2",
                          "resolved": "https://registry.npmjs.org/lru-cache/-/lru-cache-2.5.0.tgz"
                        },
                        "sigmund": {
                          "version": "1.0.0",
                          "from": "sigmund@~1.0.0",
                          "resolved": "https://registry.npmjs.org/sigmund/-/sigmund-1.0.0.tgz"
                        }
                      }
                    },
                    "graceful-fs": {
                      "version": "2.0.3",
                      "from": "graceful-fs@~2.0.0",
                      "resolved": "https://registry.npmjs.org/graceful-fs/-/graceful-fs-2.0.3.tgz"
                    },
                    "inherits": {
                      "version": "2.0.1",
                      "from": "inherits@2",
                      "resolved": "https://registry.npmjs.org/inherits/-/inherits-2.0.1.tgz"
                    }
                  }
                }
              }
            }
          }
        }
      }
    },
    "grunt-string-replace": {
      "version": "0.2.7",
      "from": "grunt-string-replace@latest",
      "resolved": "https://registry.npmjs.org/grunt-string-replace/-/grunt-string-replace-0.2.7.tgz",
      "dependencies": {
        "async": {
          "version": "0.2.10",
          "from": "async@~0.2.9",
          "resolved": "https://registry.npmjs.org/async/-/async-0.2.10.tgz"
        }
      }
    }
  }
}
